{
  "meteor": {},
  "dependencies": {
    "basePackages": {
      "dc.js-package": {
        "path": "."
      }
    },
    "packages": {
      "dc.js-package": {
        "path": "."
      },
      "Crossfilter": {
        "git": "git@github.com:longitudes/crossfilter-package.git",
        "branch": "master",
        "commit": "452a4279b661982095735c755e71ee4793de44d7"
      }
    }
  }
}
